
Microsoft Visual Studio Solution File, Format Version 12.00
# Visual Studio Version 17
VisualStudioVersion = 17.11.35327.3
MinimumVisualStudioVersion = 10.0.40219.1
Project("{FAE04EC0-301F-11D3-BF4B-00C04F79EFBC}") = "Backend", "src\Backend\Backend.csproj", "{62A85FBE-B417-49E7-9851-54559AB03A92}"
EndProject
Project("{9A19103F-16F7-4668-BE54-9A1E7A4F7556}") = "UI", "src\UI\UI.csproj", "{FA42F9E9-0541-4542-9CDC-458970441938}"
EndProject
Project("{FAE04EC0-301F-11D3-BF4B-00C04F79EFBC}") = "UI.Tests", "tests\UI.Tests\UI.Tests.csproj", "{BBE2C658-619F-47DC-9090-743E21A068DA}"
EndProject
Project("{FAE04EC0-301F-11D3-BF4B-00C04F79EFBC}") = "Backend.Tests", "tests\Backend.Tests\Backend.Tests.csproj", "{0D126FD4-C80F-425A-95F1-D60E788E8AC6}"
EndProject
Global
	GlobalSection(SolutionConfigurationPlatforms) = preSolution
		Debug|Any CPU = Debug|Any CPU
		Release|Any CPU = Release|Any CPU
	EndGlobalSection
	GlobalSection(ProjectConfigurationPlatforms) = postSolution
		{62A85FBE-B417-49E7-9851-54559AB03A92}.Debug|Any CPU.ActiveCfg = Debug|Any CPU
		{62A85FBE-B417-49E7-9851-54559AB03A92}.Debug|Any CPU.Build.0 = Debug|Any CPU
		{62A85FBE-B417-49E7-9851-54559AB03A92}.Release|Any CPU.ActiveCfg = Release|Any CPU
		{62A85FBE-B417-49E7-9851-54559AB03A92}.Release|Any CPU.Build.0 = Release|Any CPU
		{FA42F9E9-0541-4542-9CDC-458970441938}.Debug|Any CPU.ActiveCfg = Debug|Any CPU
		{FA42F9E9-0541-4542-9CDC-458970441938}.Debug|Any CPU.Build.0 = Debug|Any CPU
		{FA42F9E9-0541-4542-9CDC-458970441938}.Release|Any CPU.ActiveCfg = Release|Any CPU
		{FA42F9E9-0541-4542-9CDC-458970441938}.Release|Any CPU.Build.0 = Release|Any CPU
		{BBE2C658-619F-47DC-9090-743E21A068DA}.Debug|Any CPU.ActiveCfg = Debug|Any CPU
		{BBE2C658-619F-47DC-9090-743E21A068DA}.Debug|Any CPU.Build.0 = Debug|Any CPU
		{BBE2C658-619F-47DC-9090-743E21A068DA}.Release|Any CPU.ActiveCfg = Release|Any CPU
		{BBE2C658-619F-47DC-9090-743E21A068DA}.Release|Any CPU.Build.0 = Release|Any CPU
		{0D126FD4-C80F-425A-95F1-D60E788E8AC6}.Debug|Any CPU.ActiveCfg = Debug|Any CPU
		{0D126FD4-C80F-425A-95F1-D60E788E8AC6}.Debug|Any CPU.Build.0 = Debug|Any CPU
		{0D126FD4-C80F-425A-95F1-D60E788E8AC6}.Release|Any CPU.ActiveCfg = Release|Any CPU
		{0D126FD4-C80F-425A-95F1-D60E788E8AC6}.Release|Any CPU.Build.0 = Release|Any CPU
	EndGlobalSection
	GlobalSection(SolutionProperties) = preSolution
		HideSolutionNode = FALSE
	EndGlobalSection
	GlobalSection(ExtensibilityGlobals) = postSolution
		SolutionGuid = {FC585A3F-6B44-43DC-BCD6-557A62347B62}
	EndGlobalSection
EndGlobal
